// !$*UTF8*$!
{
	archiveVersion = 1;
	classes = {
	};
	objectVersion = 50;
	objects = {

/* Begin PBXBuildFile section */
		A1B6B1EA2452E495007055D4 /* CircleImage.swift in Sources */ = {isa = PBXBuildFile; fileRef = A1B6B1E92452E495007055D4 /* CircleImage.swift */; };
		A1B6B1EC2452E647007055D4 /* MapView.swift in Sources */ = {isa = PBXBuildFile; fileRef = A1B6B1EB2452E647007055D4 /* MapView.swift */; };
		A1CF23502452DFCE000265EA /* AppDelegate.swift in Sources */ = {isa = PBXBuildFile; fileRef = A1CF234F2452DFCE000265EA /* AppDelegate.swift */; };
		A1CF23522452DFCE000265EA /* SceneDelegate.swift in Sources */ = {isa = PBXBuildFile; fileRef = A1CF23512452DFCE000265EA /* SceneDelegate.swift */; };
		A1CF23542452DFCE000265EA /* ContentView.swift in Sources */ = {isa = PBXBuildFile; fileRef = A1CF23532452DFCE000265EA /* ContentView.swift */; };
		A1CF23562452DFD4000265EA /* Assets.xcassets in Resources */ = {isa = PBXBuildFile; fileRef = A1CF23552452DFD4000265EA /* Assets.xcassets */; };
		A1CF23592452DFD4000265EA /* Preview Assets.xcassets in Resources */ = {isa = PBXBuildFile; fileRef = A1CF23582452DFD4000265EA /* Preview Assets.xcassets */; };
		A1CF235C2452DFD4000265EA /* LaunchScreen.storyboard in Resources */ = {isa = PBXBuildFile; fileRef = A1CF235A2452DFD4000265EA /* LaunchScreen.storyboard */; };
		A1CF23672452DFD4000265EA /* LandmarksTests.swift in Sources */ = {isa = PBXBuildFile; fileRef = A1CF23662452DFD4000265EA /* LandmarksTests.swift */; };
		A1CF23722452DFD4000265EA /* LandmarksUITests.swift in Sources */ = {isa = PBXBuildFile; fileRef = A1CF23712452DFD4000265EA /* LandmarksUITests.swift */; };
/* End PBXBuildFile section */

/* Begin PBXContainerItemProxy section */
		A1CF23632452DFD4000265EA /* PBXContainerItemProxy */ = {
			isa = PBXContainerItemProxy;
			containerPortal = A1CF23442452DFCE000265EA /* Project object */;
			proxyType = 1;
			remoteGlobalIDString = A1CF234B2452DFCE000265EA;
			remoteInfo = Landmarks;
		};
		A1CF236E2452DFD4000265EA /* PBXContainerItemProxy */ = {
			isa = PBXContainerItemProxy;
			containerPortal = A1CF23442452DFCE000265EA /* Project object */;
			proxyType = 1;
			remoteGlobalIDString = A1CF234B2452DFCE000265EA;
			remoteInfo = Landmarks;
		};
/* End PBXContainerItemProxy section */

/* Begin PBXFileReference section */
		A1B6B1E92452E495007055D4 /* CircleImage.swift */ = {isa = PBXFileReference; lastKnownFileType = sourcecode.swift; path = CircleImage.swift; sourceTree = "<group>"; };
		A1B6B1EB2452E647007055D4 /* MapView.swift */ = {isa = PBXFileReference; lastKnownFileType = sourcecode.swift; path = MapView.swift; sourceTree = "<group>"; };
		A1CF234C2452DFCE000265EA /* Landmarks.app */ = {isa = PBXFileReference; explicitFileType = wrapper.application; includeInIndex = 0; path = Landmarks.app; sourceTree = BUILT_PRODUCTS_DIR; };
		A1CF234F2452DFCE000265EA /* AppDelegate.swift */ = {isa = PBXFileReference; lastKnownFileType = sourcecode.swift; path = AppDelegate.swift; sourceTree = "<group>"; };
		A1CF23512452DFCE000265EA /* SceneDelegate.swift */ = {isa = PBXFileReference; lastKnownFileType = sourcecode.swift; path = SceneDelegate.swift; sourceTree = "<group>"; };
		A1CF23532452DFCE000265EA /* ContentView.swift */ = {isa = PBXFileReference; lastKnownFileType = sourcecode.swift; path = ContentView.swift; sourceTree = "<group>"; };
		A1CF23552452DFD4000265EA /* Assets.xcassets */ = {isa = PBXFileReference; lastKnownFileType = folder.assetcatalog; path = Assets.xcassets; sourceTree = "<group>"; };
		A1CF23582452DFD4000265EA /* Preview Assets.xcassets */ = {isa = PBXFileReference; lastKnownFileType = folder.assetcatalog; path = "Preview Assets.xcassets"; sourceTree = "<group>"; };
		A1CF235B2452DFD4000265EA /* Base */ = {isa = PBXFileReference; lastKnownFileType = file.storyboard; name = Base; path = Base.lproj/LaunchScreen.storyboard; sourceTree = "<group>"; };
		A1CF235D2452DFD4000265EA /* Info.plist */ = {isa = PBXFileReference; lastKnownFileType = text.plist.xml; path = Info.plist; sourceTree = "<group>"; };
		A1CF23622452DFD4000265EA /* LandmarksTests.xctest */ = {isa = PBXFileReference; explicitFileType = wrapper.cfbundle; includeInIndex = 0; path = LandmarksTests.xctest; sourceTree = BUILT_PRODUCTS_DIR; };
		A1CF23662452DFD4000265EA /* LandmarksTests.swift */ = {isa = PBXFileReference; lastKnownFileType = sourcecode.swift; path = LandmarksTests.swift; sourceTree = "<group>"; };
		A1CF23682452DFD4000265EA /* Info.plist */ = {isa = PBXFileReference; lastKnownFileType = text.plist.xml; path = Info.plist; sourceTree = "<group>"; };
		A1CF236D2452DFD4000265EA /* LandmarksUITests.xctest */ = {isa = PBXFileReference; explicitFileType = wrapper.cfbundle; includeInIndex = 0; path = LandmarksUITests.xctest; sourceTree = BUILT_PRODUCTS_DIR; };
		A1CF23712452DFD4000265EA /* LandmarksUITests.swift */ = {isa = PBXFileReference; lastKnownFileType = sourcecode.swift; path = LandmarksUITests.swift; sourceTree = "<group>"; };
		A1CF23732452DFD4000265EA /* Info.plist */ = {isa = PBXFileReference; lastKnownFileType = text.plist.xml; path = Info.plist; sourceTree = "<group>"; };
/* End PBXFileReference section */

/* Begin PBXFrameworksBuildPhase section */
		A1CF23492452DFCE000265EA /* Frameworks */ = {
			isa = PBXFrameworksBuildPhase;
			buildActionMask = 2147483647;
			files = (
			);
			runOnlyForDeploymentPostprocessing = 0;
		};
		A1CF235F2452DFD4000265EA /* Frameworks */ = {
			isa = PBXFrameworksBuildPhase;
			buildActionMask = 2147483647;
			files = (
			);
			runOnlyForDeploymentPostprocessing = 0;
		};
		A1CF236A2452DFD4000265EA /* Frameworks */ = {
			isa = PBXFrameworksBuildPhase;
			buildActionMask = 2147483647;
			files = (
			);
			runOnlyForDeploymentPostprocessing = 0;
		};
/* End PBXFrameworksBuildPhase section */

/* Begin PBXGroup section */
		A1CF23432452DFCE000265EA = {
			isa = PBXGroup;
			children = (
				A1CF234E2452DFCE000265EA /* Landmarks */,
				A1CF23652452DFD4000265EA /* LandmarksTests */,
				A1CF23702452DFD4000265EA /* LandmarksUITests */,
				A1CF234D2452DFCE000265EA /* Products */,
			);
			sourceTree = "<group>";
		};
		A1CF234D2452DFCE000265EA /* Products */ = {
			isa = PBXGroup;
			children = (
				A1CF234C2452DFCE000265EA /* Landmarks.app */,
				A1CF23622452DFD4000265EA /* LandmarksTests.xctest */,
				A1CF236D2452DFD4000265EA /* LandmarksUITests.xctest */,
			);
			name = Products;
			sourceTree = "<group>";
		};
		A1CF234E2452DFCE000265EA /* Landmarks */ = {
			isa = PBXGroup;
			children = (
				A1CF234F2452DFCE000265EA /* AppDelegate.swift */,
				A1CF23512452DFCE000265EA /* SceneDelegate.swift */,
				A1CF23532452DFCE000265EA /* ContentView.swift */,
				A1B6B1E92452E495007055D4 /* CircleImage.swift */,
				A1B6B1EB2452E647007055D4 /* MapView.swift */,
				A1CF23552452DFD4000265EA /* Assets.xcassets */,
				A1CF235A2452DFD4000265EA /* LaunchScreen.storyboard */,
				A1CF235D2452DFD4000265EA /* Info.plist */,
				A1CF23572452DFD4000265EA /* Preview Content */,
			);
			path = Landmarks;
			sourceTree = "<group>";
		};
		A1CF23572452DFD4000265EA /* Preview Content */ = {
			isa = PBXGroup;
			children = (
				A1CF23582452DFD4000265EA /* Preview Assets.xcassets */,
			);
			path = "Preview Content";
			sourceTree = "<group>";
		};
		A1CF23652452DFD4000265EA /* LandmarksTests */ = {
			isa = PBXGroup;
			children = (
				A1CF23662452DFD4000265EA /* LandmarksTests.swift */,
				A1CF23682452DFD4000265EA /* Info.plist */,
			);
			path = LandmarksTests;
			sourceTree = "<group>";
		};
		A1CF23702452DFD4000265EA /* LandmarksUITests */ = {
			isa = PBXGroup;
			children = (
				A1CF23712452DFD4000265EA /* LandmarksUITests.swift */,
				A1CF23732452DFD4000265EA /* Info.plist */,
			);
			path = LandmarksUITests;
			sourceTree = "<group>";
		};
/* End PBXGroup section */

/* Begin PBXNativeTarget section */
		A1CF234B2452DFCE000265EA /* Landmarks */ = {
			isa = PBXNativeTarget;
			buildConfigurationList = A1CF23762452DFD4000265EA /* Build configuration list for PBXNativeTarget "Landmarks" */;
			buildPhases = (
				A1CF23482452DFCE000265EA /* Sources */,
				A1CF23492452DFCE000265EA /* Frameworks */,
				A1CF234A2452DFCE000265EA /* Resources */,
			);
			buildRules = (
			);
			dependencies = (
			);
			name = Landmarks;
			productName = Landmarks;
			productReference = A1CF234C2452DFCE000265EA /* Landmarks.app */;
			productType = "com.apple.product-type.application";
		};
		A1CF23612452DFD4000265EA /* LandmarksTests */ = {
			isa = PBXNativeTarget;
			buildConfigurationList = A1CF23792452DFD4000265EA /* Build configuration list for PBXNativeTarget "LandmarksTests" */;
			buildPhases = (
				A1CF235E2452DFD4000265EA /* Sources */,
				A1CF235F2452DFD4000265EA /* Frameworks */,
				A1CF23602452DFD4000265EA /* Resources */,
			);
			buildRules = (
			);
			dependencies = (
				A1CF23642452DFD4000265EA /* PBXTargetDependency */,
			);
			name = LandmarksTests;
			productName = LandmarksTests;
			productReference = A1CF23622452DFD4000265EA /* LandmarksTests.xctest */;
			productType = "com.apple.product-type.bundle.unit-test";
		};
		A1CF236C2452DFD4000265EA /* LandmarksUITests */ = {
			isa = PBXNativeTarget;
			buildConfigurationList = A1CF237C2452DFD4000265EA /* Build configuration list for PBXNativeTarget "LandmarksUITests" */;
			buildPhases = (
				A1CF23692452DFD4000265EA /* Sources */,
				A1CF236A2452DFD4000265EA /* Frameworks */,
				A1CF236B2452DFD4000265EA /* Resources */,
			);
			buildRules = (
			);
			dependencies = (
				A1CF236F2452DFD4000265EA /* PBXTargetDependency */,
			);
			name = LandmarksUITests;
			productName = LandmarksUITests;
			productReference = A1CF236D2452DFD4000265EA /* LandmarksUITests.xctest */;
			productType = "com.apple.product-type.bundle.ui-testing";
		};
/* End PBXNativeTarget section */

/* Begin PBXProject section */
		A1CF23442452DFCE000265EA /* Project object */ = {
			isa = PBXProject;
			attributes = {
				LastSwiftUpdateCheck = 1140;
				LastUpgradeCheck = 1140;
				ORGANIZATIONNAME = "Khush Jammu";
				TargetAttributes = {
					A1CF234B2452DFCE000265EA = {
						CreatedOnToolsVersion = 11.4.1;
					};
					A1CF23612452DFD4000265EA = {
						CreatedOnToolsVersion = 11.4.1;
						TestTargetID = A1CF234B2452DFCE000265EA;
					};
					A1CF236C2452DFD4000265EA = {
						CreatedOnToolsVersion = 11.4.1;
						TestTargetID = A1CF234B2452DFCE000265EA;
					};
				};
			};
			buildConfigurationList = A1CF23472452DFCE000265EA /* Build configuration list for PBXProject "Landmarks" */;
			compatibilityVersion = "Xcode 9.3";
			developmentRegion = en;
			hasScannedForEncodings = 0;
			knownRegions = (
				en,
				Base,
			);
			mainGroup = A1CF23432452DFCE000265EA;
			productRefGroup = A1CF234D2452DFCE000265EA /* Products */;
			projectDirPath = "";
			projectRoot = "";
			targets = (
				A1CF234B2452DFCE000265EA /* Landmarks */,
				A1CF23612452DFD4000265EA /* LandmarksTests */,
				A1CF236C2452DFD4000265EA /* LandmarksUITests */,
			);
		};
/* End PBXProject section */

/* Begin PBXResourcesBuildPhase section */
		A1CF234A2452DFCE000265EA /* Resources */ = {
			isa = PBXResourcesBuildPhase;
			buildActionMask = 2147483647;
			files = (
				A1CF235C2452DFD4000265EA /* LaunchScreen.storyboard in Resources */,
				A1CF23592452DFD4000265EA /* Preview Assets.xcassets in Resources */,
				A1CF23562452DFD4000265EA /* Assets.xcassets in Resources */,
			);
			runOnlyForDeploymentPostprocessing = 0;
		};
		A1CF23602452DFD4000265EA /* Resources */ = {
			isa = PBXResourcesBuildPhase;
			buildActionMask = 2147483647;
			files = (
			);
			runOnlyForDeploymentPostprocessing = 0;
		};
		A1CF236B2452DFD4000265EA /* Resources */ = {
			isa = PBXResourcesBuildPhase;
			buildActionMask = 2147483647;
			files = (
			);
			runOnlyForDeploymentPostprocessing = 0;
		};
/* End PBXResourcesBuildPhase section */

/* Begin PBXSourcesBuildPhase section */
		A1CF23482452DFCE000265EA /* Sources */ = {
			isa = PBXSourcesBuildPhase;
			buildActionMask = 2147483647;
			files = (
				A1CF23502452DFCE000265EA /* AppDelegate.swift in Sources */,
				A1B6B1EA2452E495007055D4 /* CircleImage.swift in Sources */,
				A1B6B1EC2452E647007055D4 /* MapView.swift in Sources */,
				A1CF23522452DFCE000265EA /* SceneDelegate.swift in Sources */,
				A1CF23542452DFCE000265EA /* ContentView.swift in Sources */,
			);
			runOnlyForDeploymentPostprocessing = 0;
		};
		A1CF235E2452DFD4000265EA /* Sources */ = {
			isa = PBXSourcesBuildPhase;
			buildActionMask = 2147483647;
			files = (
				A1CF23672452DFD4000265EA /* LandmarksTests.swift in Sources */,
			);
			runOnlyForDeploymentPostprocessing = 0;
		};
		A1CF23692452DFD4000265EA /* Sources */ = {
			isa = PBXSourcesBuildPhase;
			buildActionMask = 2147483647;
			files = (
				A1CF23722452DFD4000265EA /* LandmarksUITests.swift in Sources */,
			);
			runOnlyForDeploymentPostprocessing = 0;
		};
/* End PBXSourcesBuildPhase section */

/* Begin PBXTargetDependency section */
		A1CF23642452DFD4000265EA /* PBXTargetDependency */ = {
			isa = PBXTargetDependency;
			target = A1CF234B2452DFCE000265EA /* Landmarks */;
			targetProxy = A1CF23632452DFD4000265EA /* PBXContainerItemProxy */;
		};
		A1CF236F2452DFD4000265EA /* PBXTargetDependency */ = {
			isa = PBXTargetDependency;
			target = A1CF234B2452DFCE000265EA /* Landmarks */;
			targetProxy = A1CF236E2452DFD4000265EA /* PBXContainerItemProxy */;
		};
/* End PBXTargetDependency section */

/* Begin PBXVariantGroup section */
		A1CF235A2452DFD4000265EA /* LaunchScreen.storyboard */ = {
			isa = PBXVariantGroup;
			children = (
				A1CF235B2452DFD4000265EA /* Base */,
			);
			name = LaunchScreen.storyboard;
			sourceTree = "<group>";
		};
/* End PBXVariantGroup section */

/* Begin XCBuildConfiguration section */
		A1CF23742452DFD4000265EA /* Debug */ = {
			isa = XCBuildConfiguration;
			buildSettings = {
				ALWAYS_SEARCH_USER_PATHS = NO;
				CLANG_ANALYZER_NONNULL = YES;
				CLANG_ANALYZER_NUMBER_OBJECT_CONVERSION = YES_AGGRESSIVE;
				CLANG_CXX_LANGUAGE_STANDARD = "gnu++14";
				CLANG_CXX_LIBRARY = "libc++";
				CLANG_ENABLE_MODULES = YES;
				CLANG_ENABLE_OBJC_ARC = YES;
				CLANG_ENABLE_OBJC_WEAK = YES;
				CLANG_WARN_BLOCK_CAPTURE_AUTORELEASING = YES;
				CLANG_WARN_BOOL_CONVERSION = YES;
				CLANG_WARN_COMMA = YES;
				CLANG_WARN_CONSTANT_CONVERSION = YES;
				CLANG_WARN_DEPRECATED_OBJC_IMPLEMENTATIONS = YES;
				CLANG_WARN_DIRECT_OBJC_ISA_USAGE = YES_ERROR;
				CLANG_WARN_DOCUMENTATION_COMMENTS = YES;
				CLANG_WARN_EMPTY_BODY = YES;
				CLANG_WARN_ENUM_CONVERSION = YES;
				CLANG_WARN_INFINITE_RECURSION = YES;
				CLANG_WARN_INT_CONVERSION = YES;
				CLANG_WARN_NON_LITERAL_NULL_CONVERSION = YES;
				CLANG_WARN_OBJC_IMPLICIT_RETAIN_SELF = YES;
				CLANG_WARN_OBJC_LITERAL_CONVERSION = YES;
				CLANG_WARN_OBJC_ROOT_CLASS = YES_ERROR;
				CLANG_WARN_RANGE_LOOP_ANALYSIS = YES;
				CLANG_WARN_STRICT_PROTOTYPES = YES;
				CLANG_WARN_SUSPICIOUS_MOVE = YES;
				CLANG_WARN_UNGUARDED_AVAILABILITY = YES_AGGRESSIVE;
				CLANG_WARN_UNREACHABLE_CODE = YES;
				CLANG_WARN__DUPLICATE_METHOD_MATCH = YES;
				COPY_PHASE_STRIP = NO;
				DEBUG_INFORMATION_FORMAT = dwarf;
				ENABLE_STRICT_OBJC_MSGSEND = YES;
				ENABLE_TESTABILITY = YES;
				GCC_C_LANGUAGE_STANDARD = gnu11;
				GCC_DYNAMIC_NO_PIC = NO;
				GCC_NO_COMMON_BLOCKS = YES;
				GCC_OPTIMIZATION_LEVEL = 0;
				GCC_PREPROCESSOR_DEFINITIONS = (
					"DEBUG=1",
					"$(inherited)",
				);
				GCC_WARN_64_TO_32_BIT_CONVERSION = YES;
				GCC_WARN_ABOUT_RETURN_TYPE = YES_ERROR;
				GCC_WARN_UNDECLARED_SELECTOR = YES;
				GCC_WARN_UNINITIALIZED_AUTOS = YES_AGGRESSIVE;
				GCC_WARN_UNUSED_FUNCTION = YES;
				GCC_WARN_UNUSED_VARIABLE = YES;
				IPHONEOS_DEPLOYMENT_TARGET = 13.4;
				MTL_ENABLE_DEBUG_INFO = INCLUDE_SOURCE;
				MTL_FAST_MATH = YES;
				ONLY_ACTIVE_ARCH = YES;
				SDKROOT = iphoneos;
				SWIFT_ACTIVE_COMPILATION_CONDITIONS = DEBUG;
				SWIFT_OPTIMIZATION_LEVEL = "-Onone";
			};
			name = Debug;
		};
		A1CF23752452DFD4000265EA /* Release */ = {
			isa = XCBuildConfiguration;
			buildSettings = {
				ALWAYS_SEARCH_USER_PATHS = NO;
				CLANG_ANALYZER_NONNULL = YES;
				CLANG_ANALYZER_NUMBER_OBJECT_CONVERSION = YES_AGGRESSIVE;
				CLANG_CXX_LANGUAGE_STANDARD = "gnu++14";
				CLANG_CXX_LIBRARY = "libc++";
				CLANG_ENABLE_MODULES = YES;
				CLANG_ENABLE_OBJC_ARC = YES;
				CLANG_ENABLE_OBJC_WEAK = YES;
				CLANG_WARN_BLOCK_CAPTURE_AUTORELEASING = YES;
				CLANG_WARN_BOOL_CONVERSION = YES;
				CLANG_WARN_COMMA = YES;
				CLANG_WARN_CONSTANT_CONVERSION = YES;
				CLANG_WARN_DEPRECATED_OBJC_IMPLEMENTATIONS = YES;
				CLANG_WARN_DIRECT_OBJC_ISA_USAGE = YES_ERROR;
				CLANG_WARN_DOCUMENTATION_COMMENTS = YES;
				CLANG_WARN_EMPTY_BODY = YES;
				CLANG_WARN_ENUM_CONVERSION = YES;
				CLANG_WARN_INFINITE_RECURSION = YES;
				CLANG_WARN_INT_CONVERSION = YES;
				CLANG_WARN_NON_LITERAL_NULL_CONVERSION = YES;
				CLANG_WARN_OBJC_IMPLICIT_RETAIN_SELF = YES;
				CLANG_WARN_OBJC_LITERAL_CONVERSION = YES;
				CLANG_WARN_OBJC_ROOT_CLASS = YES_ERROR;
				CLANG_WARN_RANGE_LOOP_ANALYSIS = YES;
				CLANG_WARN_STRICT_PROTOTYPES = YES;
				CLANG_WARN_SUSPICIOUS_MOVE = YES;
				CLANG_WARN_UNGUARDED_AVAILABILITY = YES_AGGRESSIVE;
				CLANG_WARN_UNREACHABLE_CODE = YES;
				CLANG_WARN__DUPLICATE_METHOD_MATCH = YES;
				COPY_PHASE_STRIP = NO;
				DEBUG_INFORMATION_FORMAT = "dwarf-with-dsym";
				ENABLE_NS_ASSERTIONS = NO;
				ENABLE_STRICT_OBJC_MSGSEND = YES;
				GCC_C_LANGUAGE_STANDARD = gnu11;
				GCC_NO_COMMON_BLOCKS = YES;
				GCC_WARN_64_TO_32_BIT_CONVERSION = YES;
				GCC_WARN_ABOUT_RETURN_TYPE = YES_ERROR;
				GCC_WARN_UNDECLARED_SELECTOR = YES;
				GCC_WARN_UNINITIALIZED_AUTOS = YES_AGGRESSIVE;
				GCC_WARN_UNUSED_FUNCTION = YES;
				GCC_WARN_UNUSED_VARIABLE = YES;
				IPHONEOS_DEPLOYMENT_TARGET = 13.4;
				MTL_ENABLE_DEBUG_INFO = NO;
				MTL_FAST_MATH = YES;
				SDKROOT = iphoneos;
				SWIFT_COMPILATION_MODE = wholemodule;
				SWIFT_OPTIMIZATION_LEVEL = "-O";
				VALIDATE_PRODUCT = YES;
			};
			name = Release;
		};
		A1CF23772452DFD4000265EA /* Debug */ = {
			isa = XCBuildConfiguration;
			buildSettings = {
				ASSETCATALOG_COMPILER_APPICON_NAME = AppIcon;
				CODE_SIGN_STYLE = Automatic;
				DEVELOPMENT_ASSET_PATHS = "Landmarks/Preview\\ Content";
				ENABLE_PREVIEWS = YES;
				INFOPLIST_FILE = Landmarks/Info.plist;
				LD_RUNPATH_SEARCH_PATHS = (
					"$(inherited)",
					"@executable_path/Frameworks",
				);
				PRODUCT_BUNDLE_IDENTIFIER = khush.Landmarks;
				PRODUCT_NAME = "$(TARGET_NAME)";
				SWIFT_VERSION = 5.0;
				TARGETED_DEVICE_FAMILY = "1,2";
			};
			name = Debug;
		};
		A1CF23782452DFD4000265EA /* Release */ = {
			isa = XCBuildConfiguration;
			buildSettings = {
				ASSETCATALOG_COMPILER_APPICON_NAME = AppIcon;
				CODE_SIGN_STYLE = Automatic;
				DEVELOPMENT_ASSET_PATHS = "Landmarks/Preview\\ Content";
				ENABLE_PREVIEWS = YES;
				INFOPLIST_FILE = Landmarks/Info.plist;
				LD_RUNPATH_SEARCH_PATHS = (
					"$(inherited)",
					"@executable_path/Frameworks",
				);
				PRODUCT_BUNDLE_IDENTIFIER = khush.Landmarks;
				PRODUCT_NAME = "$(TARGET_NAME)";
				SWIFT_VERSION = 5.0;
				TARGETED_DEVICE_FAMILY = "1,2";
			};
			name = Release;
		};
		A1CF237A2452DFD4000265EA /* Debug */ = {
			isa = XCBuildConfiguration;
			buildSettings = {
				ALWAYS_EMBED_SWIFT_STANDARD_LIBRARIES = YES;
				BUNDLE_LOADER = "$(TEST_HOST)";
				CODE_SIGN_STYLE = Automatic;
				INFOPLIST_FILE = LandmarksTests/Info.plist;
				IPHONEOS_DEPLOYMENT_TARGET = 13.4;
				LD_RUNPATH_SEARCH_PATHS = (
					"$(inherited)",
					"@executable_path/Frameworks",
					"@loader_path/Frameworks",
				);
				PRODUCT_BUNDLE_IDENTIFIER = khush.LandmarksTests;
				PRODUCT_NAME = "$(TARGET_NAME)";
				SWIFT_VERSION = 5.0;
				TARGETED_DEVICE_FAMILY = "1,2";
				TEST_HOST = "$(BUILT_PRODUCTS_DIR)/Landmarks.app/Landmarks";
			};
			name = Debug;
		};
		A1CF237B2452DFD4000265EA /* Release */ = {
			isa = XCBuildConfiguration;
			buildSettings = {
				ALWAYS_EMBED_SWIFT_STANDARD_LIBRARIES = YES;
				BUNDLE_LOADER = "$(TEST_HOST)";
				CODE_SIGN_STYLE = Automatic;
				INFOPLIST_FILE = LandmarksTests/Info.plist;
				IPHONEOS_DEPLOYMENT_TARGET = 13.4;
				LD_RUNPATH_SEARCH_PATHS = (
					"$(inherited)",
					"@executable_path/Frameworks",
					"@loader_path/Frameworks",
				);
				PRODUCT_BUNDLE_IDENTIFIER = khush.LandmarksTests;
				PRODUCT_NAME = "$(TARGET_NAME)";
				SWIFT_VERSION = 5.0;
				TARGETED_DEVICE_FAMILY = "1,2";
				TEST_HOST = "$(BUILT_PRODUCTS_DIR)/Landmarks.app/Landmarks";
			};
			name = Release;
		};
		A1CF237D2452DFD4000265EA /* Debug */ = {
			isa = XCBuildConfiguration;
			buildSettings = {
				ALWAYS_EMBED_SWIFT_STANDARD_LIBRARIES = YES;
				CODE_SIGN_STYLE = Automatic;
				INFOPLIST_FILE = LandmarksUITests/Info.plist;
				LD_RUNPATH_SEARCH_PATHS = (
					"$(inherited)",
					"@executable_path/Frameworks",
					"@loader_path/Frameworks",
				);
				PRODUCT_BUNDLE_IDENTIFIER = khush.LandmarksUITests;
				PRODUCT_NAME = "$(TARGET_NAME)";
				SWIFT_VERSION = 5.0;
				TARGETED_DEVICE_FAMILY = "1,2";
				TEST_TARGET_NAME = Landmarks;
			};
			name = Debug;
		};
		A1CF237E2452DFD4000265EA /* Release */ = {
			isa = XCBuildConfiguration;
			buildSettings = {
				ALWAYS_EMBED_SWIFT_STANDARD_LIBRARIES = YES;
				CODE_SIGN_STYLE = Automatic;
				INFOPLIST_FILE = LandmarksUITests/Info.plist;
				LD_RUNPATH_SEARCH_PATHS = (
					"$(inherited)",
					"@executable_path/Frameworks",
					"@loader_path/Frameworks",
				);
				PRODUCT_BUNDLE_IDENTIFIER = khush.LandmarksUITests;
				PRODUCT_NAME = "$(TARGET_NAME)";
				SWIFT_VERSION = 5.0;
				TARGETED_DEVICE_FAMILY = "1,2";
				TEST_TARGET_NAME = Landmarks;
			};
			name = Release;
		};
/* End XCBuildConfiguration section */

/* Begin XCConfigurationList section */
		A1CF23472452DFCE000265EA /* Build configuration list for PBXProject "Landmarks" */ = {
			isa = XCConfigurationList;
			buildConfigurations = (
				A1CF23742452DFD4000265EA /* Debug */,
				A1CF23752452DFD4000265EA /* Release */,
			);
			defaultConfigurationIsVisible = 0;
			defaultConfigurationName = Release;
		};
		A1CF23762452DFD4000265EA /* Build configuration list for PBXNativeTarget "Landmarks" */ = {
			isa = XCConfigurationList;
			buildConfigurations = (
				A1CF23772452DFD4000265EA /* Debug */,
				A1CF23782452DFD4000265EA /* Release */,
			);
			defaultConfigurationIsVisible = 0;
			defaultConfigurationName = Release;
		};
		A1CF23792452DFD4000265EA /* Build configuration list for PBXNativeTarget "LandmarksTests" */ = {
			isa = XCConfigurationList;
			buildConfigurations = (
				A1CF237A2452DFD4000265EA /* Debug */,
				A1CF237B2452DFD4000265EA /* Release */,
			);
			defaultConfigurationIsVisible = 0;
			defaultConfigurationName = Release;
		};
		A1CF237C2452DFD4000265EA /* Build configuration list for PBXNativeTarget "LandmarksUITests" */ = {
			isa = XCConfigurationList;
			buildConfigurations = (
				A1CF237D2452DFD4000265EA /* Debug */,
				A1CF237E2452DFD4000265EA /* Release */,
			);
			defaultConfigurationIsVisible = 0;
			defaultConfigurationName = Release;
		};
/* End XCConfigurationList section */
	};
	rootObject = A1CF23442452DFCE000265EA /* Project object */;
}
